// !$*UTF8*$!
{
	archiveVersion = 1;
	classes = {
	};
	objectVersion = 55;
	objects = {

/* Begin PBXBuildFile section */
		9E881DE7E9342C02A79AD46F /* Pods_Fakestagram_FakestagramUITests.framework in Frameworks */ = {isa = PBXBuildFile; fileRef = 66450B9FA3DDD270369E5C1C /* Pods_Fakestagram_FakestagramUITests.framework */; };
		CF6AF56F914E9BBFD39DA1C5 /* Pods_Fakestagram.framework in Frameworks */ = {isa = PBXBuildFile; fileRef = 78EAADA62D873EB7C01240F2 /* Pods_Fakestagram.framework */; };
		D1B5E8E823661A35B255E98C /* Pods_FakestagramTests.framework in Frameworks */ = {isa = PBXBuildFile; fileRef = 160E27F19B3B6FB08BF66AAC /* Pods_FakestagramTests.framework */; };
		D957D9FA273DF79D006A5E74 /* FakestagramApp.swift in Sources */ = {isa = PBXBuildFile; fileRef = D957D9F9273DF79D006A5E74 /* FakestagramApp.swift */; };
		D957D9FC273DF79D006A5E74 /* HomeView.swift in Sources */ = {isa = PBXBuildFile; fileRef = D957D9FB273DF79D006A5E74 /* HomeView.swift */; };
		D957D9FE273DF79F006A5E74 /* Assets.xcassets in Resources */ = {isa = PBXBuildFile; fileRef = D957D9FD273DF79F006A5E74 /* Assets.xcassets */; };
		D957DA01273DF79F006A5E74 /* Preview Assets.xcassets in Resources */ = {isa = PBXBuildFile; fileRef = D957DA00273DF79F006A5E74 /* Preview Assets.xcassets */; };
		D957DA0B273DF79F006A5E74 /* FakestagramTests.swift in Sources */ = {isa = PBXBuildFile; fileRef = D957DA0A273DF79F006A5E74 /* FakestagramTests.swift */; };
		D957DA15273DF79F006A5E74 /* FakestagramUITests.swift in Sources */ = {isa = PBXBuildFile; fileRef = D957DA14273DF79F006A5E74 /* FakestagramUITests.swift */; };
		D957DA17273DF79F006A5E74 /* FakestagramUITestsLaunchTests.swift in Sources */ = {isa = PBXBuildFile; fileRef = D957DA16273DF79F006A5E74 /* FakestagramUITestsLaunchTests.swift */; };
		D957DA24273E0F58006A5E74 /* Story.swift in Sources */ = {isa = PBXBuildFile; fileRef = D957DA23273E0F58006A5E74 /* Story.swift */; };
		D957DA26273E0FC6006A5E74 /* Post.swift in Sources */ = {isa = PBXBuildFile; fileRef = D957DA25273E0FC6006A5E74 /* Post.swift */; };
		D9C3C3A82746C6F300DE0DA4 /* LoginView.swift in Sources */ = {isa = PBXBuildFile; fileRef = D9C3C3A72746C6F300DE0DA4 /* LoginView.swift */; };
		D9C3C3AA2746C70B00DE0DA4 /* LoginViewModel.swift in Sources */ = {isa = PBXBuildFile; fileRef = D9C3C3A92746C70B00DE0DA4 /* LoginViewModel.swift */; };
/* End PBXBuildFile section */

/* Begin PBXContainerItemProxy section */
		D957DA07273DF79F006A5E74 /* PBXContainerItemProxy */ = {
			isa = PBXContainerItemProxy;
			containerPortal = D957D9EE273DF79D006A5E74 /* Project object */;
			proxyType = 1;
			remoteGlobalIDString = D957D9F5273DF79D006A5E74;
			remoteInfo = Fakestagram;
		};
		D957DA11273DF79F006A5E74 /* PBXContainerItemProxy */ = {
			isa = PBXContainerItemProxy;
			containerPortal = D957D9EE273DF79D006A5E74 /* Project object */;
			proxyType = 1;
			remoteGlobalIDString = D957D9F5273DF79D006A5E74;
			remoteInfo = Fakestagram;
		};
/* End PBXContainerItemProxy section */

/* Begin PBXFileReference section */
		0768D22F73FD7CAE6D94ED46 /* Pods-FakestagramTests.release.xcconfig */ = {isa = PBXFileReference; includeInIndex = 1; lastKnownFileType = text.xcconfig; name = "Pods-FakestagramTests.release.xcconfig"; path = "Target Support Files/Pods-FakestagramTests/Pods-FakestagramTests.release.xcconfig"; sourceTree = "<group>"; };
		160E27F19B3B6FB08BF66AAC /* Pods_FakestagramTests.framework */ = {isa = PBXFileReference; explicitFileType = wrapper.framework; includeInIndex = 0; path = Pods_FakestagramTests.framework; sourceTree = BUILT_PRODUCTS_DIR; };
		328689E45ED6C0AF4D5C35C2 /* Pods-Fakestagram.debug.xcconfig */ = {isa = PBXFileReference; includeInIndex = 1; lastKnownFileType = text.xcconfig; name = "Pods-Fakestagram.debug.xcconfig"; path = "Target Support Files/Pods-Fakestagram/Pods-Fakestagram.debug.xcconfig"; sourceTree = "<group>"; };
		3ABB967030828AC8F3CEAF5B /* Pods-FakestagramTests.debug.xcconfig */ = {isa = PBXFileReference; includeInIndex = 1; lastKnownFileType = text.xcconfig; name = "Pods-FakestagramTests.debug.xcconfig"; path = "Target Support Files/Pods-FakestagramTests/Pods-FakestagramTests.debug.xcconfig"; sourceTree = "<group>"; };
		66450B9FA3DDD270369E5C1C /* Pods_Fakestagram_FakestagramUITests.framework */ = {isa = PBXFileReference; explicitFileType = wrapper.framework; includeInIndex = 0; path = Pods_Fakestagram_FakestagramUITests.framework; sourceTree = BUILT_PRODUCTS_DIR; };
		78EAADA62D873EB7C01240F2 /* Pods_Fakestagram.framework */ = {isa = PBXFileReference; explicitFileType = wrapper.framework; includeInIndex = 0; path = Pods_Fakestagram.framework; sourceTree = BUILT_PRODUCTS_DIR; };
		8E6A5940163CA1472D03E636 /* Pods-Fakestagram-FakestagramUITests.debug.xcconfig */ = {isa = PBXFileReference; includeInIndex = 1; lastKnownFileType = text.xcconfig; name = "Pods-Fakestagram-FakestagramUITests.debug.xcconfig"; path = "Target Support Files/Pods-Fakestagram-FakestagramUITests/Pods-Fakestagram-FakestagramUITests.debug.xcconfig"; sourceTree = "<group>"; };
		AE04BB4BE111BEB28AB7EB71 /* Pods-Fakestagram-FakestagramUITests.release.xcconfig */ = {isa = PBXFileReference; includeInIndex = 1; lastKnownFileType = text.xcconfig; name = "Pods-Fakestagram-FakestagramUITests.release.xcconfig"; path = "Target Support Files/Pods-Fakestagram-FakestagramUITests/Pods-Fakestagram-FakestagramUITests.release.xcconfig"; sourceTree = "<group>"; };
		BA8E050FFD4C6C872E31AFAB /* Pods-Fakestagram.release.xcconfig */ = {isa = PBXFileReference; includeInIndex = 1; lastKnownFileType = text.xcconfig; name = "Pods-Fakestagram.release.xcconfig"; path = "Target Support Files/Pods-Fakestagram/Pods-Fakestagram.release.xcconfig"; sourceTree = "<group>"; };
		D957D9F6273DF79D006A5E74 /* Fakestagram.app */ = {isa = PBXFileReference; explicitFileType = wrapper.application; includeInIndex = 0; path = Fakestagram.app; sourceTree = BUILT_PRODUCTS_DIR; };
		D957D9F9273DF79D006A5E74 /* FakestagramApp.swift */ = {isa = PBXFileReference; lastKnownFileType = sourcecode.swift; path = FakestagramApp.swift; sourceTree = "<group>"; };
		D957D9FB273DF79D006A5E74 /* HomeView.swift */ = {isa = PBXFileReference; lastKnownFileType = sourcecode.swift; path = HomeView.swift; sourceTree = "<group>"; };
		D957D9FD273DF79F006A5E74 /* Assets.xcassets */ = {isa = PBXFileReference; lastKnownFileType = folder.assetcatalog; path = Assets.xcassets; sourceTree = "<group>"; };
		D957DA00273DF79F006A5E74 /* Preview Assets.xcassets */ = {isa = PBXFileReference; lastKnownFileType = folder.assetcatalog; path = "Preview Assets.xcassets"; sourceTree = "<group>"; };
		D957DA06273DF79F006A5E74 /* FakestagramTests.xctest */ = {isa = PBXFileReference; explicitFileType = wrapper.cfbundle; includeInIndex = 0; path = FakestagramTests.xctest; sourceTree = BUILT_PRODUCTS_DIR; };
		D957DA0A273DF79F006A5E74 /* FakestagramTests.swift */ = {isa = PBXFileReference; lastKnownFileType = sourcecode.swift; path = FakestagramTests.swift; sourceTree = "<group>"; };
		D957DA10273DF79F006A5E74 /* FakestagramUITests.xctest */ = {isa = PBXFileReference; explicitFileType = wrapper.cfbundle; includeInIndex = 0; path = FakestagramUITests.xctest; sourceTree = BUILT_PRODUCTS_DIR; };
		D957DA14273DF79F006A5E74 /* FakestagramUITests.swift */ = {isa = PBXFileReference; lastKnownFileType = sourcecode.swift; path = FakestagramUITests.swift; sourceTree = "<group>"; };
		D957DA16273DF79F006A5E74 /* FakestagramUITestsLaunchTests.swift */ = {isa = PBXFileReference; lastKnownFileType = sourcecode.swift; path = FakestagramUITestsLaunchTests.swift; sourceTree = "<group>"; };
		D957DA23273E0F58006A5E74 /* Story.swift */ = {isa = PBXFileReference; lastKnownFileType = sourcecode.swift; path = Story.swift; sourceTree = "<group>"; };
		D957DA25273E0FC6006A5E74 /* Post.swift */ = {isa = PBXFileReference; lastKnownFileType = sourcecode.swift; path = Post.swift; sourceTree = "<group>"; };
		D9C3C3A72746C6F300DE0DA4 /* LoginView.swift */ = {isa = PBXFileReference; lastKnownFileType = sourcecode.swift; path = LoginView.swift; sourceTree = "<group>"; };
		D9C3C3A92746C70B00DE0DA4 /* LoginViewModel.swift */ = {isa = PBXFileReference; lastKnownFileType = sourcecode.swift; path = LoginViewModel.swift; sourceTree = "<group>"; };
/* End PBXFileReference section */

/* Begin PBXFrameworksBuildPhase section */
		D957D9F3273DF79D006A5E74 /* Frameworks */ = {
			isa = PBXFrameworksBuildPhase;
			buildActionMask = 2147483647;
			files = (
				CF6AF56F914E9BBFD39DA1C5 /* Pods_Fakestagram.framework in Frameworks */,
			);
			runOnlyForDeploymentPostprocessing = 0;
		};
		D957DA03273DF79F006A5E74 /* Frameworks */ = {
			isa = PBXFrameworksBuildPhase;
			buildActionMask = 2147483647;
			files = (
				D1B5E8E823661A35B255E98C /* Pods_FakestagramTests.framework in Frameworks */,
			);
			runOnlyForDeploymentPostprocessing = 0;
		};
		D957DA0D273DF79F006A5E74 /* Frameworks */ = {
			isa = PBXFrameworksBuildPhase;
			buildActionMask = 2147483647;
			files = (
				9E881DE7E9342C02A79AD46F /* Pods_Fakestagram_FakestagramUITests.framework in Frameworks */,
			);
			runOnlyForDeploymentPostprocessing = 0;
		};
/* End PBXFrameworksBuildPhase section */

/* Begin PBXGroup section */
		B2EC9CD8869C0DE2713C9FB1 /* Frameworks */ = {
			isa = PBXGroup;
			children = (
				78EAADA62D873EB7C01240F2 /* Pods_Fakestagram.framework */,
				66450B9FA3DDD270369E5C1C /* Pods_Fakestagram_FakestagramUITests.framework */,
				160E27F19B3B6FB08BF66AAC /* Pods_FakestagramTests.framework */,
			);
			name = Frameworks;
			sourceTree = "<group>";
		};
		C5EFBA04CDEB42C06959F721 /* Pods */ = {
			isa = PBXGroup;
			children = (
				328689E45ED6C0AF4D5C35C2 /* Pods-Fakestagram.debug.xcconfig */,
				BA8E050FFD4C6C872E31AFAB /* Pods-Fakestagram.release.xcconfig */,
				8E6A5940163CA1472D03E636 /* Pods-Fakestagram-FakestagramUITests.debug.xcconfig */,
				AE04BB4BE111BEB28AB7EB71 /* Pods-Fakestagram-FakestagramUITests.release.xcconfig */,
				3ABB967030828AC8F3CEAF5B /* Pods-FakestagramTests.debug.xcconfig */,
				0768D22F73FD7CAE6D94ED46 /* Pods-FakestagramTests.release.xcconfig */,
			);
			path = Pods;
			sourceTree = "<group>";
		};
		D957D9ED273DF79D006A5E74 = {
			isa = PBXGroup;
			children = (
				D957D9F8273DF79D006A5E74 /* Fakestagram */,
				D957DA09273DF79F006A5E74 /* FakestagramTests */,
				D957DA13273DF79F006A5E74 /* FakestagramUITests */,
				D957D9F7273DF79D006A5E74 /* Products */,
				C5EFBA04CDEB42C06959F721 /* Pods */,
				B2EC9CD8869C0DE2713C9FB1 /* Frameworks */,
			);
			sourceTree = "<group>";
		};
		D957D9F7273DF79D006A5E74 /* Products */ = {
			isa = PBXGroup;
			children = (
				D957D9F6273DF79D006A5E74 /* Fakestagram.app */,
				D957DA06273DF79F006A5E74 /* FakestagramTests.xctest */,
				D957DA10273DF79F006A5E74 /* FakestagramUITests.xctest */,
			);
			name = Products;
			sourceTree = "<group>";
		};
		D957D9F8273DF79D006A5E74 /* Fakestagram */ = {
			isa = PBXGroup;
			children = (
				D9C3C3A62746C6D300DE0DA4 /* Login */,
				D957D9F9273DF79D006A5E74 /* FakestagramApp.swift */,
				D957D9FB273DF79D006A5E74 /* HomeView.swift */,
				D957D9FD273DF79F006A5E74 /* Assets.xcassets */,
				D957D9FF273DF79F006A5E74 /* Preview Content */,
				D957DA23273E0F58006A5E74 /* Story.swift */,
				D957DA25273E0FC6006A5E74 /* Post.swift */,
			);
			path = Fakestagram;
			sourceTree = "<group>";
		};
		D957D9FF273DF79F006A5E74 /* Preview Content */ = {
			isa = PBXGroup;
			children = (
				D957DA00273DF79F006A5E74 /* Preview Assets.xcassets */,
			);
			path = "Preview Content";
			sourceTree = "<group>";
		};
		D957DA09273DF79F006A5E74 /* FakestagramTests */ = {
			isa = PBXGroup;
			children = (
				D957DA0A273DF79F006A5E74 /* FakestagramTests.swift */,
			);
			path = FakestagramTests;
			sourceTree = "<group>";
		};
		D957DA13273DF79F006A5E74 /* FakestagramUITests */ = {
			isa = PBXGroup;
			children = (
				D957DA14273DF79F006A5E74 /* FakestagramUITests.swift */,
				D957DA16273DF79F006A5E74 /* FakestagramUITestsLaunchTests.swift */,
			);
			path = FakestagramUITests;
			sourceTree = "<group>";
		};
		D9C3C3A62746C6D300DE0DA4 /* Login */ = {
			isa = PBXGroup;
			children = (
				D9C3C3A72746C6F300DE0DA4 /* LoginView.swift */,
				D9C3C3A92746C70B00DE0DA4 /* LoginViewModel.swift */,
			);
			path = Login;
			sourceTree = "<group>";
		};
/* End PBXGroup section */

/* Begin PBXNativeTarget section */
		D957D9F5273DF79D006A5E74 /* Fakestagram */ = {
			isa = PBXNativeTarget;
			buildConfigurationList = D957DA1A273DF79F006A5E74 /* Build configuration list for PBXNativeTarget "Fakestagram" */;
			buildPhases = (
				F4E41C46AC06582CA7B7B79F /* [CP] Check Pods Manifest.lock */,
				D957D9F2273DF79D006A5E74 /* Sources */,
				D957D9F3273DF79D006A5E74 /* Frameworks */,
				D957D9F4273DF79D006A5E74 /* Resources */,
				5D7613FB8FC101CD7308DDF8 /* [CP] Embed Pods Frameworks */,
			);
			buildRules = (
			);
			dependencies = (
			);
			name = Fakestagram;
			productName = Fakestagram;
			productReference = D957D9F6273DF79D006A5E74 /* Fakestagram.app */;
			productType = "com.apple.product-type.application";
		};
		D957DA05273DF79F006A5E74 /* FakestagramTests */ = {
			isa = PBXNativeTarget;
			buildConfigurationList = D957DA1D273DF79F006A5E74 /* Build configuration list for PBXNativeTarget "FakestagramTests" */;
			buildPhases = (
				1DCD5C0F7BC135A687FD2A7B /* [CP] Check Pods Manifest.lock */,
				D957DA02273DF79F006A5E74 /* Sources */,
				D957DA03273DF79F006A5E74 /* Frameworks */,
				D957DA04273DF79F006A5E74 /* Resources */,
			);
			buildRules = (
			);
			dependencies = (
				D957DA08273DF79F006A5E74 /* PBXTargetDependency */,
			);
			name = FakestagramTests;
			productName = FakestagramTests;
			productReference = D957DA06273DF79F006A5E74 /* FakestagramTests.xctest */;
			productType = "com.apple.product-type.bundle.unit-test";
		};
		D957DA0F273DF79F006A5E74 /* FakestagramUITests */ = {
			isa = PBXNativeTarget;
			buildConfigurationList = D957DA20273DF79F006A5E74 /* Build configuration list for PBXNativeTarget "FakestagramUITests" */;
			buildPhases = (
				149C0E892E3C1FC88AD95E11 /* [CP] Check Pods Manifest.lock */,
				D957DA0C273DF79F006A5E74 /* Sources */,
				D957DA0D273DF79F006A5E74 /* Frameworks */,
				D957DA0E273DF79F006A5E74 /* Resources */,
				E90B89D16058F2B39E740169 /* [CP] Embed Pods Frameworks */,
			);
			buildRules = (
			);
			dependencies = (
				D957DA12273DF79F006A5E74 /* PBXTargetDependency */,
			);
			name = FakestagramUITests;
			productName = FakestagramUITests;
			productReference = D957DA10273DF79F006A5E74 /* FakestagramUITests.xctest */;
			productType = "com.apple.product-type.bundle.ui-testing";
		};
/* End PBXNativeTarget section */

/* Begin PBXProject section */
		D957D9EE273DF79D006A5E74 /* Project object */ = {
			isa = PBXProject;
			attributes = {
				BuildIndependentTargetsInParallel = 1;
				LastSwiftUpdateCheck = 1310;
				LastUpgradeCheck = 1310;
				TargetAttributes = {
					D957D9F5273DF79D006A5E74 = {
						CreatedOnToolsVersion = 13.1;
					};
					D957DA05273DF79F006A5E74 = {
						CreatedOnToolsVersion = 13.1;
						TestTargetID = D957D9F5273DF79D006A5E74;
					};
					D957DA0F273DF79F006A5E74 = {
						CreatedOnToolsVersion = 13.1;
						TestTargetID = D957D9F5273DF79D006A5E74;
					};
				};
			};
			buildConfigurationList = D957D9F1273DF79D006A5E74 /* Build configuration list for PBXProject "Fakestagram" */;
			compatibilityVersion = "Xcode 13.0";
			developmentRegion = en;
			hasScannedForEncodings = 0;
			knownRegions = (
				en,
				Base,
			);
			mainGroup = D957D9ED273DF79D006A5E74;
			productRefGroup = D957D9F7273DF79D006A5E74 /* Products */;
			projectDirPath = "";
			projectRoot = "";
			targets = (
				D957D9F5273DF79D006A5E74 /* Fakestagram */,
				D957DA05273DF79F006A5E74 /* FakestagramTests */,
				D957DA0F273DF79F006A5E74 /* FakestagramUITests */,
			);
		};
/* End PBXProject section */

/* Begin PBXResourcesBuildPhase section */
		D957D9F4273DF79D006A5E74 /* Resources */ = {
			isa = PBXResourcesBuildPhase;
			buildActionMask = 2147483647;
			files = (
				D957DA01273DF79F006A5E74 /* Preview Assets.xcassets in Resources */,
				D957D9FE273DF79F006A5E74 /* Assets.xcassets in Resources */,
			);
			runOnlyForDeploymentPostprocessing = 0;
		};
		D957DA04273DF79F006A5E74 /* Resources */ = {
			isa = PBXResourcesBuildPhase;
			buildActionMask = 2147483647;
			files = (
			);
			runOnlyForDeploymentPostprocessing = 0;
		};
		D957DA0E273DF79F006A5E74 /* Resources */ = {
			isa = PBXResourcesBuildPhase;
			buildActionMask = 2147483647;
			files = (
			);
			runOnlyForDeploymentPostprocessing = 0;
		};
/* End PBXResourcesBuildPhase section */

/* Begin PBXShellScriptBuildPhase section */
		149C0E892E3C1FC88AD95E11 /* [CP] Check Pods Manifest.lock */ = {
			isa = PBXShellScriptBuildPhase;
			buildActionMask = 2147483647;
			files = (
			);
			inputFileListPaths = (
			);
			inputPaths = (
				"${PODS_PODFILE_DIR_PATH}/Podfile.lock",
				"${PODS_ROOT}/Manifest.lock",
			);
			name = "[CP] Check Pods Manifest.lock";
			outputFileListPaths = (
			);
			outputPaths = (
				"$(DERIVED_FILE_DIR)/Pods-Fakestagram-FakestagramUITests-checkManifestLockResult.txt",
			);
			runOnlyForDeploymentPostprocessing = 0;
			shellPath = /bin/sh;
			shellScript = "diff \"${PODS_PODFILE_DIR_PATH}/Podfile.lock\" \"${PODS_ROOT}/Manifest.lock\" > /dev/null\nif [ $? != 0 ] ; then\n    # print error to STDERR\n    echo \"error: The sandbox is not in sync with the Podfile.lock. Run 'pod install' or update your CocoaPods installation.\" >&2\n    exit 1\nfi\n# This output is used by Xcode 'outputs' to avoid re-running this script phase.\necho \"SUCCESS\" > \"${SCRIPT_OUTPUT_FILE_0}\"\n";
			showEnvVarsInLog = 0;
		};
		1DCD5C0F7BC135A687FD2A7B /* [CP] Check Pods Manifest.lock */ = {
			isa = PBXShellScriptBuildPhase;
			buildActionMask = 2147483647;
			files = (
			);
			inputFileListPaths = (
			);
			inputPaths = (
				"${PODS_PODFILE_DIR_PATH}/Podfile.lock",
				"${PODS_ROOT}/Manifest.lock",
			);
			name = "[CP] Check Pods Manifest.lock";
			outputFileListPaths = (
			);
			outputPaths = (
				"$(DERIVED_FILE_DIR)/Pods-FakestagramTests-checkManifestLockResult.txt",
			);
			runOnlyForDeploymentPostprocessing = 0;
			shellPath = /bin/sh;
			shellScript = "diff \"${PODS_PODFILE_DIR_PATH}/Podfile.lock\" \"${PODS_ROOT}/Manifest.lock\" > /dev/null\nif [ $? != 0 ] ; then\n    # print error to STDERR\n    echo \"error: The sandbox is not in sync with the Podfile.lock. Run 'pod install' or update your CocoaPods installation.\" >&2\n    exit 1\nfi\n# This output is used by Xcode 'outputs' to avoid re-running this script phase.\necho \"SUCCESS\" > \"${SCRIPT_OUTPUT_FILE_0}\"\n";
			showEnvVarsInLog = 0;
		};
		5D7613FB8FC101CD7308DDF8 /* [CP] Embed Pods Frameworks */ = {
			isa = PBXShellScriptBuildPhase;
			buildActionMask = 2147483647;
			files = (
			);
			inputFileListPaths = (
				"${PODS_ROOT}/Target Support Files/Pods-Fakestagram/Pods-Fakestagram-frameworks-${CONFIGURATION}-input-files.xcfilelist",
			);
			name = "[CP] Embed Pods Frameworks";
			outputFileListPaths = (
				"${PODS_ROOT}/Target Support Files/Pods-Fakestagram/Pods-Fakestagram-frameworks-${CONFIGURATION}-output-files.xcfilelist",
			);
			runOnlyForDeploymentPostprocessing = 0;
			shellPath = /bin/sh;
			shellScript = "\"${PODS_ROOT}/Target Support Files/Pods-Fakestagram/Pods-Fakestagram-frameworks.sh\"\n";
			showEnvVarsInLog = 0;
		};
		E90B89D16058F2B39E740169 /* [CP] Embed Pods Frameworks */ = {
			isa = PBXShellScriptBuildPhase;
			buildActionMask = 2147483647;
			files = (
			);
			inputFileListPaths = (
				"${PODS_ROOT}/Target Support Files/Pods-Fakestagram-FakestagramUITests/Pods-Fakestagram-FakestagramUITests-frameworks-${CONFIGURATION}-input-files.xcfilelist",
			);
			name = "[CP] Embed Pods Frameworks";
			outputFileListPaths = (
				"${PODS_ROOT}/Target Support Files/Pods-Fakestagram-FakestagramUITests/Pods-Fakestagram-FakestagramUITests-frameworks-${CONFIGURATION}-output-files.xcfilelist",
			);
			runOnlyForDeploymentPostprocessing = 0;
			shellPath = /bin/sh;
			shellScript = "\"${PODS_ROOT}/Target Support Files/Pods-Fakestagram-FakestagramUITests/Pods-Fakestagram-FakestagramUITests-frameworks.sh\"\n";
			showEnvVarsInLog = 0;
		};
		F4E41C46AC06582CA7B7B79F /* [CP] Check Pods Manifest.lock */ = {
			isa = PBXShellScriptBuildPhase;
			buildActionMask = 2147483647;
			files = (
			);
			inputFileListPaths = (
			);
			inputPaths = (
				"${PODS_PODFILE_DIR_PATH}/Podfile.lock",
				"${PODS_ROOT}/Manifest.lock",
			);
			name = "[CP] Check Pods Manifest.lock";
			outputFileListPaths = (
			);
			outputPaths = (
				"$(DERIVED_FILE_DIR)/Pods-Fakestagram-checkManifestLockResult.txt",
			);
			runOnlyForDeploymentPostprocessing = 0;
			shellPath = /bin/sh;
			shellScript = "diff \"${PODS_PODFILE_DIR_PATH}/Podfile.lock\" \"${PODS_ROOT}/Manifest.lock\" > /dev/null\nif [ $? != 0 ] ; then\n    # print error to STDERR\n    echo \"error: The sandbox is not in sync with the Podfile.lock. Run 'pod install' or update your CocoaPods installation.\" >&2\n    exit 1\nfi\n# This output is used by Xcode 'outputs' to avoid re-running this script phase.\necho \"SUCCESS\" > \"${SCRIPT_OUTPUT_FILE_0}\"\n";
			showEnvVarsInLog = 0;
		};
/* End PBXShellScriptBuildPhase section */

/* Begin PBXSourcesBuildPhase section */
		D957D9F2273DF79D006A5E74 /* Sources */ = {
			isa = PBXSourcesBuildPhase;
			buildActionMask = 2147483647;
			files = (
				D9C3C3AA2746C70B00DE0DA4 /* LoginViewModel.swift in Sources */,
				D957D9FC273DF79D006A5E74 /* HomeView.swift in Sources */,
				D957D9FA273DF79D006A5E74 /* FakestagramApp.swift in Sources */,
				D9C3C3A82746C6F300DE0DA4 /* LoginView.swift in Sources */,
				D957DA24273E0F58006A5E74 /* Story.swift in Sources */,
				D957DA26273E0FC6006A5E74 /* Post.swift in Sources */,
			);
			runOnlyForDeploymentPostprocessing = 0;
		};
		D957DA02273DF79F006A5E74 /* Sources */ = {
			isa = PBXSourcesBuildPhase;
			buildActionMask = 2147483647;
			files = (
				D957DA0B273DF79F006A5E74 /* FakestagramTests.swift in Sources */,
			);
			runOnlyForDeploymentPostprocessing = 0;
		};
		D957DA0C273DF79F006A5E74 /* Sources */ = {
			isa = PBXSourcesBuildPhase;
			buildActionMask = 2147483647;
			files = (
				D957DA15273DF79F006A5E74 /* FakestagramUITests.swift in Sources */,
				D957DA17273DF79F006A5E74 /* FakestagramUITestsLaunchTests.swift in Sources */,
			);
			runOnlyForDeploymentPostprocessing = 0;
		};
/* End PBXSourcesBuildPhase section */

/* Begin PBXTargetDependency section */
		D957DA08273DF79F006A5E74 /* PBXTargetDependency */ = {
			isa = PBXTargetDependency;
			target = D957D9F5273DF79D006A5E74 /* Fakestagram */;
			targetProxy = D957DA07273DF79F006A5E74 /* PBXContainerItemProxy */;
		};
		D957DA12273DF79F006A5E74 /* PBXTargetDependency */ = {
			isa = PBXTargetDependency;
			target = D957D9F5273DF79D006A5E74 /* Fakestagram */;
			targetProxy = D957DA11273DF79F006A5E74 /* PBXContainerItemProxy */;
		};
/* End PBXTargetDependency section */

/* Begin XCBuildConfiguration section */
		D957DA18273DF79F006A5E74 /* Debug */ = {
			isa = XCBuildConfiguration;
			buildSettings = {
				ALWAYS_SEARCH_USER_PATHS = NO;
				CLANG_ANALYZER_NONNULL = YES;
				CLANG_ANALYZER_NUMBER_OBJECT_CONVERSION = YES_AGGRESSIVE;
				CLANG_CXX_LANGUAGE_STANDARD = "gnu++17";
				CLANG_CXX_LIBRARY = "libc++";
				CLANG_ENABLE_MODULES = YES;
				CLANG_ENABLE_OBJC_ARC = YES;
				CLANG_ENABLE_OBJC_WEAK = YES;
				CLANG_WARN_BLOCK_CAPTURE_AUTORELEASING = YES;
				CLANG_WARN_BOOL_CONVERSION = YES;
				CLANG_WARN_COMMA = YES;
				CLANG_WARN_CONSTANT_CONVERSION = YES;
				CLANG_WARN_DEPRECATED_OBJC_IMPLEMENTATIONS = YES;
				CLANG_WARN_DIRECT_OBJC_ISA_USAGE = YES_ERROR;
				CLANG_WARN_DOCUMENTATION_COMMENTS = YES;
				CLANG_WARN_EMPTY_BODY = YES;
				CLANG_WARN_ENUM_CONVERSION = YES;
				CLANG_WARN_INFINITE_RECURSION = YES;
				CLANG_WARN_INT_CONVERSION = YES;
				CLANG_WARN_NON_LITERAL_NULL_CONVERSION = YES;
				CLANG_WARN_OBJC_IMPLICIT_RETAIN_SELF = YES;
				CLANG_WARN_OBJC_LITERAL_CONVERSION = YES;
				CLANG_WARN_OBJC_ROOT_CLASS = YES_ERROR;
				CLANG_WARN_QUOTED_INCLUDE_IN_FRAMEWORK_HEADER = YES;
				CLANG_WARN_RANGE_LOOP_ANALYSIS = YES;
				CLANG_WARN_STRICT_PROTOTYPES = YES;
				CLANG_WARN_SUSPICIOUS_MOVE = YES;
				CLANG_WARN_UNGUARDED_AVAILABILITY = YES_AGGRESSIVE;
				CLANG_WARN_UNREACHABLE_CODE = YES;
				CLANG_WARN__DUPLICATE_METHOD_MATCH = YES;
				COPY_PHASE_STRIP = NO;
				DEBUG_INFORMATION_FORMAT = dwarf;
				ENABLE_STRICT_OBJC_MSGSEND = YES;
				ENABLE_TESTABILITY = YES;
				GCC_C_LANGUAGE_STANDARD = gnu11;
				GCC_DYNAMIC_NO_PIC = NO;
				GCC_NO_COMMON_BLOCKS = YES;
				GCC_OPTIMIZATION_LEVEL = 0;
				GCC_PREPROCESSOR_DEFINITIONS = (
					"DEBUG=1",
					"$(inherited)",
				);
				GCC_WARN_64_TO_32_BIT_CONVERSION = YES;
				GCC_WARN_ABOUT_RETURN_TYPE = YES_ERROR;
				GCC_WARN_UNDECLARED_SELECTOR = YES;
				GCC_WARN_UNINITIALIZED_AUTOS = YES_AGGRESSIVE;
				GCC_WARN_UNUSED_FUNCTION = YES;
				GCC_WARN_UNUSED_VARIABLE = YES;
				IPHONEOS_DEPLOYMENT_TARGET = 15.0;
				MTL_ENABLE_DEBUG_INFO = INCLUDE_SOURCE;
				MTL_FAST_MATH = YES;
				ONLY_ACTIVE_ARCH = YES;
				SDKROOT = iphoneos;
				SWIFT_ACTIVE_COMPILATION_CONDITIONS = DEBUG;
				SWIFT_OPTIMIZATION_LEVEL = "-Onone";
			};
			name = Debug;
		};
		D957DA19273DF79F006A5E74 /* Release */ = {
			isa = XCBuildConfiguration;
			buildSettings = {
				ALWAYS_SEARCH_USER_PATHS = NO;
				CLANG_ANALYZER_NONNULL = YES;
				CLANG_ANALYZER_NUMBER_OBJECT_CONVERSION = YES_AGGRESSIVE;
				CLANG_CXX_LANGUAGE_STANDARD = "gnu++17";
				CLANG_CXX_LIBRARY = "libc++";
				CLANG_ENABLE_MODULES = YES;
				CLANG_ENABLE_OBJC_ARC = YES;
				CLANG_ENABLE_OBJC_WEAK = YES;
				CLANG_WARN_BLOCK_CAPTURE_AUTORELEASING = YES;
				CLANG_WARN_BOOL_CONVERSION = YES;
				CLANG_WARN_COMMA = YES;
				CLANG_WARN_CONSTANT_CONVERSION = YES;
				CLANG_WARN_DEPRECATED_OBJC_IMPLEMENTATIONS = YES;
				CLANG_WARN_DIRECT_OBJC_ISA_USAGE = YES_ERROR;
				CLANG_WARN_DOCUMENTATION_COMMENTS = YES;
				CLANG_WARN_EMPTY_BODY = YES;
				CLANG_WARN_ENUM_CONVERSION = YES;
				CLANG_WARN_INFINITE_RECURSION = YES;
				CLANG_WARN_INT_CONVERSION = YES;
				CLANG_WARN_NON_LITERAL_NULL_CONVERSION = YES;
				CLANG_WARN_OBJC_IMPLICIT_RETAIN_SELF = YES;
				CLANG_WARN_OBJC_LITERAL_CONVERSION = YES;
				CLANG_WARN_OBJC_ROOT_CLASS = YES_ERROR;
				CLANG_WARN_QUOTED_INCLUDE_IN_FRAMEWORK_HEADER = YES;
				CLANG_WARN_RANGE_LOOP_ANALYSIS = YES;
				CLANG_WARN_STRICT_PROTOTYPES = YES;
				CLANG_WARN_SUSPICIOUS_MOVE = YES;
				CLANG_WARN_UNGUARDED_AVAILABILITY = YES_AGGRESSIVE;
				CLANG_WARN_UNREACHABLE_CODE = YES;
				CLANG_WARN__DUPLICATE_METHOD_MATCH = YES;
				COPY_PHASE_STRIP = NO;
				DEBUG_INFORMATION_FORMAT = "dwarf-with-dsym";
				ENABLE_NS_ASSERTIONS = NO;
				ENABLE_STRICT_OBJC_MSGSEND = YES;
				GCC_C_LANGUAGE_STANDARD = gnu11;
				GCC_NO_COMMON_BLOCKS = YES;
				GCC_WARN_64_TO_32_BIT_CONVERSION = YES;
				GCC_WARN_ABOUT_RETURN_TYPE = YES_ERROR;
				GCC_WARN_UNDECLARED_SELECTOR = YES;
				GCC_WARN_UNINITIALIZED_AUTOS = YES_AGGRESSIVE;
				GCC_WARN_UNUSED_FUNCTION = YES;
				GCC_WARN_UNUSED_VARIABLE = YES;
				IPHONEOS_DEPLOYMENT_TARGET = 15.0;
				MTL_ENABLE_DEBUG_INFO = NO;
				MTL_FAST_MATH = YES;
				SDKROOT = iphoneos;
				SWIFT_COMPILATION_MODE = wholemodule;
				SWIFT_OPTIMIZATION_LEVEL = "-O";
				VALIDATE_PRODUCT = YES;
			};
			name = Release;
		};
		D957DA1B273DF79F006A5E74 /* Debug */ = {
			isa = XCBuildConfiguration;
			baseConfigurationReference = 328689E45ED6C0AF4D5C35C2 /* Pods-Fakestagram.debug.xcconfig */;
			buildSettings = {
				ASSETCATALOG_COMPILER_APPICON_NAME = AppIcon;
				ASSETCATALOG_COMPILER_GLOBAL_ACCENT_COLOR_NAME = AccentColor;
				CODE_SIGN_STYLE = Automatic;
				CURRENT_PROJECT_VERSION = 1;
				DEVELOPMENT_ASSET_PATHS = "\"Fakestagram/Preview Content\"";
				DEVELOPMENT_TEAM = DRH7G4DD7Y;
				ENABLE_PREVIEWS = YES;
				GENERATE_INFOPLIST_FILE = YES;
				INFOPLIST_KEY_UIApplicationSceneManifest_Generation = YES;
				INFOPLIST_KEY_UIApplicationSupportsIndirectInputEvents = YES;
				INFOPLIST_KEY_UILaunchScreen_Generation = YES;
				INFOPLIST_KEY_UISupportedInterfaceOrientations_iPad = "UIInterfaceOrientationPortrait UIInterfaceOrientationPortraitUpsideDown UIInterfaceOrientationLandscapeLeft UIInterfaceOrientationLandscapeRight";
				INFOPLIST_KEY_UISupportedInterfaceOrientations_iPhone = "UIInterfaceOrientationPortrait UIInterfaceOrientationLandscapeLeft UIInterfaceOrientationLandscapeRight";
				LD_RUNPATH_SEARCH_PATHS = (
					"$(inherited)",
					"@executable_path/Frameworks",
				);
				MARKETING_VERSION = 1.0;
				PRODUCT_BUNDLE_IDENTIFIER = br.com.swiftui.fakestagram.Fakestagram;
				PRODUCT_NAME = "$(TARGET_NAME)";
				SWIFT_EMIT_LOC_STRINGS = YES;
				SWIFT_VERSION = 5.0;
				TARGETED_DEVICE_FAMILY = "1,2";
			};
			name = Debug;
		};
		D957DA1C273DF79F006A5E74 /* Release */ = {
			isa = XCBuildConfiguration;
			baseConfigurationReference = BA8E050FFD4C6C872E31AFAB /* Pods-Fakestagram.release.xcconfig */;
			buildSettings = {
				ASSETCATALOG_COMPILER_APPICON_NAME = AppIcon;
				ASSETCATALOG_COMPILER_GLOBAL_ACCENT_COLOR_NAME = AccentColor;
				CODE_SIGN_STYLE = Automatic;
				CURRENT_PROJECT_VERSION = 1;
				DEVELOPMENT_ASSET_PATHS = "\"Fakestagram/Preview Content\"";
				DEVELOPMENT_TEAM = DRH7G4DD7Y;
				ENABLE_PREVIEWS = YES;
				GENERATE_INFOPLIST_FILE = YES;
				INFOPLIST_KEY_UIApplicationSceneManifest_Generation = YES;
				INFOPLIST_KEY_UIApplicationSupportsIndirectInputEvents = YES;
				INFOPLIST_KEY_UILaunchScreen_Generation = YES;
				INFOPLIST_KEY_UISupportedInterfaceOrientations_iPad = "UIInterfaceOrientationPortrait UIInterfaceOrientationPortraitUpsideDown UIInterfaceOrientationLandscapeLeft UIInterfaceOrientationLandscapeRight";
				INFOPLIST_KEY_UISupportedInterfaceOrientations_iPhone = "UIInterfaceOrientationPortrait UIInterfaceOrientationLandscapeLeft UIInterfaceOrientationLandscapeRight";
				LD_RUNPATH_SEARCH_PATHS = (
					"$(inherited)",
					"@executable_path/Frameworks",
				);
				MARKETING_VERSION = 1.0;
				PRODUCT_BUNDLE_IDENTIFIER = br.com.swiftui.fakestagram.Fakestagram;
				PRODUCT_NAME = "$(TARGET_NAME)";
				SWIFT_EMIT_LOC_STRINGS = YES;
				SWIFT_VERSION = 5.0;
				TARGETED_DEVICE_FAMILY = "1,2";
			};
			name = Release;
		};
		D957DA1E273DF79F006A5E74 /* Debug */ = {
			isa = XCBuildConfiguration;
			baseConfigurationReference = 3ABB967030828AC8F3CEAF5B /* Pods-FakestagramTests.debug.xcconfig */;
			buildSettings = {
				ALWAYS_EMBED_SWIFT_STANDARD_LIBRARIES = YES;
				BUNDLE_LOADER = "$(TEST_HOST)";
				CODE_SIGN_STYLE = Automatic;
				CURRENT_PROJECT_VERSION = 1;
				DEVELOPMENT_TEAM = DRH7G4DD7Y;
				GENERATE_INFOPLIST_FILE = YES;
				IPHONEOS_DEPLOYMENT_TARGET = 15.0;
				LD_RUNPATH_SEARCH_PATHS = (
					"$(inherited)",
					"@executable_path/Frameworks",
					"@loader_path/Frameworks",
				);
				MARKETING_VERSION = 1.0;
				PRODUCT_BUNDLE_IDENTIFIER = br.com.swiftui.fakestagram.FakestagramTests;
				PRODUCT_NAME = "$(TARGET_NAME)";
				SWIFT_EMIT_LOC_STRINGS = NO;
				SWIFT_VERSION = 5.0;
				TARGETED_DEVICE_FAMILY = "1,2";
				TEST_HOST = "$(BUILT_PRODUCTS_DIR)/Fakestagram.app/Fakestagram";
			};
			name = Debug;
		};
		D957DA1F273DF79F006A5E74 /* Release */ = {
			isa = XCBuildConfiguration;
			baseConfigurationReference = 0768D22F73FD7CAE6D94ED46 /* Pods-FakestagramTests.release.xcconfig */;
			buildSettings = {
				ALWAYS_EMBED_SWIFT_STANDARD_LIBRARIES = YES;
				BUNDLE_LOADER = "$(TEST_HOST)";
				CODE_SIGN_STYLE = Automatic;
				CURRENT_PROJECT_VERSION = 1;
				DEVELOPMENT_TEAM = DRH7G4DD7Y;
				GENERATE_INFOPLIST_FILE = YES;
				IPHONEOS_DEPLOYMENT_TARGET = 15.0;
				LD_RUNPATH_SEARCH_PATHS = (
					"$(inherited)",
					"@executable_path/Frameworks",
					"@loader_path/Frameworks",
				);
				MARKETING_VERSION = 1.0;
				PRODUCT_BUNDLE_IDENTIFIER = br.com.swiftui.fakestagram.FakestagramTests;
				PRODUCT_NAME = "$(TARGET_NAME)";
				SWIFT_EMIT_LOC_STRINGS = NO;
				SWIFT_VERSION = 5.0;
				TARGETED_DEVICE_FAMILY = "1,2";
				TEST_HOST = "$(BUILT_PRODUCTS_DIR)/Fakestagram.app/Fakestagram";
			};
			name = Release;
		};
		D957DA21273DF79F006A5E74 /* Debug */ = {
			isa = XCBuildConfiguration;
			baseConfigurationReference = 8E6A5940163CA1472D03E636 /* Pods-Fakestagram-FakestagramUITests.debug.xcconfig */;
			buildSettings = {
				ALWAYS_EMBED_SWIFT_STANDARD_LIBRARIES = YES;
				CODE_SIGN_STYLE = Automatic;
				CURRENT_PROJECT_VERSION = 1;
				DEVELOPMENT_TEAM = DRH7G4DD7Y;
				GENERATE_INFOPLIST_FILE = YES;
				LD_RUNPATH_SEARCH_PATHS = (
					"$(inherited)",
					"@executable_path/Frameworks",
					"@loader_path/Frameworks",
				);
				MARKETING_VERSION = 1.0;
				PRODUCT_BUNDLE_IDENTIFIER = br.com.swiftui.fakestagram.FakestagramUITests;
				PRODUCT_NAME = "$(TARGET_NAME)";
				SWIFT_EMIT_LOC_STRINGS = NO;
				SWIFT_VERSION = 5.0;
				TARGETED_DEVICE_FAMILY = "1,2";
				TEST_TARGET_NAME = Fakestagram;
			};
			name = Debug;
		};
		D957DA22273DF79F006A5E74 /* Release */ = {
			isa = XCBuildConfiguration;
			baseConfigurationReference = AE04BB4BE111BEB28AB7EB71 /* Pods-Fakestagram-FakestagramUITests.release.xcconfig */;
			buildSettings = {
				ALWAYS_EMBED_SWIFT_STANDARD_LIBRARIES = YES;
				CODE_SIGN_STYLE = Automatic;
				CURRENT_PROJECT_VERSION = 1;
				DEVELOPMENT_TEAM = DRH7G4DD7Y;
				GENERATE_INFOPLIST_FILE = YES;
				LD_RUNPATH_SEARCH_PATHS = (
					"$(inherited)",
					"@executable_path/Frameworks",
					"@loader_path/Frameworks",
				);
				MARKETING_VERSION = 1.0;
				PRODUCT_BUNDLE_IDENTIFIER = br.com.swiftui.fakestagram.FakestagramUITests;
				PRODUCT_NAME = "$(TARGET_NAME)";
				SWIFT_EMIT_LOC_STRINGS = NO;
				SWIFT_VERSION = 5.0;
				TARGETED_DEVICE_FAMILY = "1,2";
				TEST_TARGET_NAME = Fakestagram;
			};
			name = Release;
		};
/* End XCBuildConfiguration section */

/* Begin XCConfigurationList section */
		D957D9F1273DF79D006A5E74 /* Build configuration list for PBXProject "Fakestagram" */ = {
			isa = XCConfigurationList;
			buildConfigurations = (
				D957DA18273DF79F006A5E74 /* Debug */,
				D957DA19273DF79F006A5E74 /* Release */,
			);
			defaultConfigurationIsVisible = 0;
			defaultConfigurationName = Release;
		};
		D957DA1A273DF79F006A5E74 /* Build configuration list for PBXNativeTarget "Fakestagram" */ = {
			isa = XCConfigurationList;
			buildConfigurations = (
				D957DA1B273DF79F006A5E74 /* Debug */,
				D957DA1C273DF79F006A5E74 /* Release */,
			);
			defaultConfigurationIsVisible = 0;
			defaultConfigurationName = Release;
		};
		D957DA1D273DF79F006A5E74 /* Build configuration list for PBXNativeTarget "FakestagramTests" */ = {
			isa = XCConfigurationList;
			buildConfigurations = (
				D957DA1E273DF79F006A5E74 /* Debug */,
				D957DA1F273DF79F006A5E74 /* Release */,
			);
			defaultConfigurationIsVisible = 0;
			defaultConfigurationName = Release;
		};
		D957DA20273DF79F006A5E74 /* Build configuration list for PBXNativeTarget "FakestagramUITests" */ = {
			isa = XCConfigurationList;
			buildConfigurations = (
				D957DA21273DF79F006A5E74 /* Debug */,
				D957DA22273DF79F006A5E74 /* Release */,
			);
			defaultConfigurationIsVisible = 0;
			defaultConfigurationName = Release;
		};
/* End XCConfigurationList section */
	};
	rootObject = D957D9EE273DF79D006A5E74 /* Project object */;
}
